{
  "requires": true,
  "lockfileVersion": 1,
  "dependencies": {
    "print-js": {
      "version": "1.0.63",
      "resolved": "https://registry.npmjs.org/print-js/-/print-js-1.0.63.tgz",
      "integrity": "sha512-WKf79bFeqJpwx5vcjvEuL0J1bRVA5QlKQY+usFksOx0WOApSJwQGgMlgM2PVub/R1uUMF4onc2SWRWPNz4R40g=="
    }
  }
}
